// !$*UTF8*$!
{
	archiveVersion = 1;
	classes = {
	};
	objectVersion = 46;
	objects = {

/* Begin PBXBuildFile section */
		18296DB918C2F56500A76D7B /* ContactsMgr.m in Sources */ = {isa = PBXBuildFile; fileRef = 18296DB818C2F56500A76D7B /* ContactsMgr.m */; };
		18296DBC18C2F8C500A76D7B /* ContactCell.m in Sources */ = {isa = PBXBuildFile; fileRef = 18296DBB18C2F8C500A76D7B /* ContactCell.m */; };
		18296DC918C3389100A76D7B /* icpn.png in Resources */ = {isa = PBXBuildFile; fileRef = 18296DC818C3389100A76D7B /* icpn.png */; };
		18296DCC18C33C4A00A76D7B /* MessageFactory.m in Sources */ = {isa = PBXBuildFile; fileRef = 18296DCB18C33C4A00A76D7B /* MessageFactory.m */; };
		18296DCF18C33FC600A76D7B /* MainPageUIViewController.m in Sources */ = {isa = PBXBuildFile; fileRef = 18296DCE18C33FC600A76D7B /* MainPageUIViewController.m */; };
		18296DD218C3417C00A76D7B /* ConversationMgr.m in Sources */ = {isa = PBXBuildFile; fileRef = 18296DD118C3417C00A76D7B /* ConversationMgr.m */; };
		18A169BA18C4CE4700E6896E /* NewFriendViewController.m in Sources */ = {isa = PBXBuildFile; fileRef = 18A169B918C4CE4700E6896E /* NewFriendViewController.m */; };
		18A169BF18C4D01500E6896E /* FKRDefaultSearchBarTableViewController.m in Sources */ = {isa = PBXBuildFile; fileRef = 18A169BC18C4D01500E6896E /* FKRDefaultSearchBarTableViewController.m */; };
		18A169C018C4D01500E6896E /* FKRSearchBarTableViewController.m in Sources */ = {isa = PBXBuildFile; fileRef = 18A169BE18C4D01500E6896E /* FKRSearchBarTableViewController.m */; };
		18A3842718C1CB91000EA528 /* back.png in Resources */ = {isa = PBXBuildFile; fileRef = 18A3842618C1CB91000EA528 /* back.png */; };
		18A3842918C1CE14000EA528 /* register.png in Resources */ = {isa = PBXBuildFile; fileRef = 18A3842818C1CE14000EA528 /* register.png */; };
		18A3842C18C1F898000EA528 /* iPhoneXMPPAppDelegate.m in Sources */ = {isa = PBXBuildFile; fileRef = 18A3842B18C1F898000EA528 /* iPhoneXMPPAppDelegate.m */; };
		18A3843618C2E69C000EA528 /* ContactsViewController.m in Sources */ = {isa = PBXBuildFile; fileRef = 18A3843518C2E69C000EA528 /* ContactsViewController.m */; };
		18AFA9F7187B18A500036ED8 /* Foundation.framework in Frameworks */ = {isa = PBXBuildFile; fileRef = 18AFA9F6187B18A500036ED8 /* Foundation.framework */; };
		18AFA9F9187B18A500036ED8 /* CoreGraphics.framework in Frameworks */ = {isa = PBXBuildFile; fileRef = 18AFA9F8187B18A500036ED8 /* CoreGraphics.framework */; };
		18AFA9FB187B18A500036ED8 /* UIKit.framework in Frameworks */ = {isa = PBXBuildFile; fileRef = 18AFA9FA187B18A500036ED8 /* UIKit.framework */; };
		18AFAA01187B18A500036ED8 /* InfoPlist.strings in Resources */ = {isa = PBXBuildFile; fileRef = 18AFA9FF187B18A500036ED8 /* InfoPlist.strings */; };
		18AFAA03187B18A500036ED8 /* main.m in Sources */ = {isa = PBXBuildFile; fileRef = 18AFAA02187B18A500036ED8 /* main.m */; };
		18AFAA0A187B18A500036ED8 /* Main_iPhone.storyboard in Resources */ = {isa = PBXBuildFile; fileRef = 18AFAA08187B18A500036ED8 /* Main_iPhone.storyboard */; };
		18AFAA0D187B18A500036ED8 /* Main_iPad.storyboard in Resources */ = {isa = PBXBuildFile; fileRef = 18AFAA0B187B18A500036ED8 /* Main_iPad.storyboard */; };
		18AFAA12187B18A500036ED8 /* Images.xcassets in Resources */ = {isa = PBXBuildFile; fileRef = 18AFAA11187B18A500036ED8 /* Images.xcassets */; };
		18AFAA19187B18A600036ED8 /* XCTest.framework in Frameworks */ = {isa = PBXBuildFile; fileRef = 18AFAA18187B18A600036ED8 /* XCTest.framework */; };
		18AFAA1A187B18A600036ED8 /* Foundation.framework in Frameworks */ = {isa = PBXBuildFile; fileRef = 18AFA9F6187B18A500036ED8 /* Foundation.framework */; };
		18AFAA1B187B18A600036ED8 /* UIKit.framework in Frameworks */ = {isa = PBXBuildFile; fileRef = 18AFA9FA187B18A500036ED8 /* UIKit.framework */; };
		18AFAA23187B18A600036ED8 /* InfoPlist.strings in Resources */ = {isa = PBXBuildFile; fileRef = 18AFAA21187B18A600036ED8 /* InfoPlist.strings */; };
		18AFAA25187B18A600036ED8 /* TimelyCommunicationTests.m in Sources */ = {isa = PBXBuildFile; fileRef = 18AFAA24187B18A600036ED8 /* TimelyCommunicationTests.m */; };
		18B8F77718C4C23700718ADD /* RedBall.m in Sources */ = {isa = PBXBuildFile; fileRef = 18B8F77618C4C23700718ADD /* RedBall.m */; };
		18DF8234187BC025000FDCFF /* ChatViewController.m in Sources */ = {isa = PBXBuildFile; fileRef = 18DF822D187BC025000FDCFF /* ChatViewController.m */; };
		18DF8235187BC025000FDCFF /* ConversationListVC.m in Sources */ = {isa = PBXBuildFile; fileRef = 18DF822F187BC025000FDCFF /* ConversationListVC.m */; };
		18DF8237187BC025000FDCFF /* RootViewController.m in Sources */ = {isa = PBXBuildFile; fileRef = 18DF8233187BC025000FDCFF /* RootViewController.m */; };
		18DF8247187BC053000FDCFF /* BaseMesage.m in Sources */ = {isa = PBXBuildFile; fileRef = 18DF823A187BC053000FDCFF /* BaseMesage.m */; };
		18DF8248187BC053000FDCFF /* CommonData.m in Sources */ = {isa = PBXBuildFile; fileRef = 18DF823C187BC053000FDCFF /* CommonData.m */; };
		18DF8249187BC053000FDCFF /* Conversation.m in Sources */ = {isa = PBXBuildFile; fileRef = 18DF823E187BC053000FDCFF /* Conversation.m */; };
		18DF824A187BC053000FDCFF /* MsgSaveHelper.m in Sources */ = {isa = PBXBuildFile; fileRef = 18DF8240187BC053000FDCFF /* MsgSaveHelper.m */; };
		18DF824C187BC053000FDCFF /* TextMessage.m in Sources */ = {isa = PBXBuildFile; fileRef = 18DF8244187BC053000FDCFF /* TextMessage.m */; };
		18DF8263187BC074000FDCFF /* ChatViewCompent.m in Sources */ = {isa = PBXBuildFile; fileRef = 18DF8252187BC074000FDCFF /* ChatViewCompent.m */; };
		18DF8264187BC074000FDCFF /* InputCompent.m in Sources */ = {isa = PBXBuildFile; fileRef = 18DF8254187BC074000FDCFF /* InputCompent.m */; };
		18DF8265187BC074000FDCFF /* face.png in Resources */ = {isa = PBXBuildFile; fileRef = 18DF8257187BC074000FDCFF /* face.png */; };
		18DF8266187BC074000FDCFF /* more.png in Resources */ = {isa = PBXBuildFile; fileRef = 18DF8258187BC074000FDCFF /* more.png */; };
		18DF8267187BC074000FDCFF /* sound.png in Resources */ = {isa = PBXBuildFile; fileRef = 18DF8259187BC074000FDCFF /* sound.png */; };
		18DF8268187BC074000FDCFF /* chat.png in Resources */ = {isa = PBXBuildFile; fileRef = 18DF825B187BC074000FDCFF /* chat.png */; };
		18DF8269187BC074000FDCFF /* contact.png in Resources */ = {isa = PBXBuildFile; fileRef = 18DF825C187BC074000FDCFF /* contact.png */; };
		18DF826A187BC074000FDCFF /* me.png in Resources */ = {isa = PBXBuildFile; fileRef = 18DF825D187BC074000FDCFF /* me.png */; };
		18DF826B187BC074000FDCFF /* search.png in Resources */ = {isa = PBXBuildFile; fileRef = 18DF825E187BC074000FDCFF /* search.png */; };
		18DF826C187BC074000FDCFF /* MainPageCell.m in Sources */ = {isa = PBXBuildFile; fileRef = 18DF8261187BC074000FDCFF /* MainPageCell.m */; };
		18E7FB4018BB621400148255 /* LoginView.m in Sources */ = {isa = PBXBuildFile; fileRef = 18E7FB3F18BB621400148255 /* LoginView.m */; };
		18E7FB4318BB63CE00148255 /* LoginViewController.m in Sources */ = {isa = PBXBuildFile; fileRef = 18E7FB4218BB63CE00148255 /* LoginViewController.m */; };
		18E7FB4618BB63E300148255 /* User.m in Sources */ = {isa = PBXBuildFile; fileRef = 18E7FB4518BB63E300148255 /* User.m */; };
		18E7FB4D18BB7C9C00148255 /* RegisterView.m in Sources */ = {isa = PBXBuildFile; fileRef = 18E7FB4C18BB7C9C00148255 /* RegisterView.m */; };
		18E7FB5018BB7DAA00148255 /* RegisterViewController.m in Sources */ = {isa = PBXBuildFile; fileRef = 18E7FB4F18BB7DAA00148255 /* RegisterViewController.m */; };
		954B7E2178394CCAB0C27F22 /* libPods.a in Frameworks */ = {isa = PBXBuildFile; fileRef = DDEF8EE90C2547EE8CD04AE7 /* libPods.a */; };
/* End PBXBuildFile section */

/* Begin PBXContainerItemProxy section */
		18AFAA1C187B18A600036ED8 /* PBXContainerItemProxy */ = {
			isa = PBXContainerItemProxy;
			containerPortal = 18AFA9EB187B18A500036ED8 /* Project object */;
			proxyType = 1;
			remoteGlobalIDString = 18AFA9F2187B18A500036ED8;
			remoteInfo = TimelyCommunication;
		};
/* End PBXContainerItemProxy section */

/* Begin PBXFileReference section */
		18296DB718C2F56500A76D7B /* ContactsMgr.h */ = {isa = PBXFileReference; fileEncoding = 4; lastKnownFileType = sourcecode.c.h; path = ContactsMgr.h; sourceTree = "<group>"; };
		18296DB818C2F56500A76D7B /* ContactsMgr.m */ = {isa = PBXFileReference; fileEncoding = 4; lastKnownFileType = sourcecode.c.objc; path = ContactsMgr.m; sourceTree = "<group>"; };
		18296DBA18C2F8C500A76D7B /* ContactCell.h */ = {isa = PBXFileReference; fileEncoding = 4; lastKnownFileType = sourcecode.c.h; path = ContactCell.h; sourceTree = "<group>"; };
		18296DBB18C2F8C500A76D7B /* ContactCell.m */ = {isa = PBXFileReference; fileEncoding = 4; lastKnownFileType = sourcecode.c.objc; path = ContactCell.m; sourceTree = "<group>"; };
		18296DC818C3389100A76D7B /* icpn.png */ = {isa = PBXFileReference; lastKnownFileType = image.png; path = icpn.png; sourceTree = "<group>"; };
		18296DCA18C33C4A00A76D7B /* MessageFactory.h */ = {isa = PBXFileReference; fileEncoding = 4; lastKnownFileType = sourcecode.c.h; path = MessageFactory.h; sourceTree = "<group>"; };
		18296DCB18C33C4A00A76D7B /* MessageFactory.m */ = {isa = PBXFileReference; fileEncoding = 4; lastKnownFileType = sourcecode.c.objc; path = MessageFactory.m; sourceTree = "<group>"; };
		18296DCD18C33FC600A76D7B /* MainPageUIViewController.h */ = {isa = PBXFileReference; fileEncoding = 4; lastKnownFileType = sourcecode.c.h; path = MainPageUIViewController.h; sourceTree = "<group>"; };
		18296DCE18C33FC600A76D7B /* MainPageUIViewController.m */ = {isa = PBXFileReference; fileEncoding = 4; lastKnownFileType = sourcecode.c.objc; path = MainPageUIViewController.m; sourceTree = "<group>"; };
		18296DD018C3417C00A76D7B /* ConversationMgr.h */ = {isa = PBXFileReference; fileEncoding = 4; lastKnownFileType = sourcecode.c.h; path = ConversationMgr.h; sourceTree = "<group>"; };
		18296DD118C3417C00A76D7B /* ConversationMgr.m */ = {isa = PBXFileReference; fileEncoding = 4; lastKnownFileType = sourcecode.c.objc; path = ConversationMgr.m; sourceTree = "<group>"; };
		18A169B818C4CE4700E6896E /* NewFriendViewController.h */ = {isa = PBXFileReference; fileEncoding = 4; lastKnownFileType = sourcecode.c.h; path = NewFriendViewController.h; sourceTree = "<group>"; };
		18A169B918C4CE4700E6896E /* NewFriendViewController.m */ = {isa = PBXFileReference; fileEncoding = 4; lastKnownFileType = sourcecode.c.objc; path = NewFriendViewController.m; sourceTree = "<group>"; };
		18A169BB18C4D01500E6896E /* FKRDefaultSearchBarTableViewController.h */ = {isa = PBXFileReference; fileEncoding = 4; lastKnownFileType = sourcecode.c.h; path = FKRDefaultSearchBarTableViewController.h; sourceTree = "<group>"; };
		18A169BC18C4D01500E6896E /* FKRDefaultSearchBarTableViewController.m */ = {isa = PBXFileReference; fileEncoding = 4; lastKnownFileType = sourcecode.c.objc; path = FKRDefaultSearchBarTableViewController.m; sourceTree = "<group>"; };
		18A169BD18C4D01500E6896E /* FKRSearchBarTableViewController.h */ = {isa = PBXFileReference; fileEncoding = 4; lastKnownFileType = sourcecode.c.h; path = FKRSearchBarTableViewController.h; sourceTree = "<group>"; };
		18A169BE18C4D01500E6896E /* FKRSearchBarTableViewController.m */ = {isa = PBXFileReference; fileEncoding = 4; lastKnownFileType = sourcecode.c.objc; path = FKRSearchBarTableViewController.m; sourceTree = "<group>"; };
		18A3842618C1CB91000EA528 /* back.png */ = {isa = PBXFileReference; lastKnownFileType = image.png; name = back.png; path = ../../../../../../../Downloads/back.png; sourceTree = "<group>"; };
		18A3842818C1CE14000EA528 /* register.png */ = {isa = PBXFileReference; lastKnownFileType = image.png; path = register.png; sourceTree = "<group>"; };
		18A3842A18C1F898000EA528 /* iPhoneXMPPAppDelegate.h */ = {isa = PBXFileReference; fileEncoding = 4; lastKnownFileType = sourcecode.c.h; path = iPhoneXMPPAppDelegate.h; sourceTree = "<group>"; };
		18A3842B18C1F898000EA528 /* iPhoneXMPPAppDelegate.m */ = {isa = PBXFileReference; fileEncoding = 4; lastKnownFileType = sourcecode.c.objc; path = iPhoneXMPPAppDelegate.m; sourceTree = "<group>"; };
		18A3843418C2E69C000EA528 /* ContactsViewController.h */ = {isa = PBXFileReference; fileEncoding = 4; lastKnownFileType = sourcecode.c.h; path = ContactsViewController.h; sourceTree = "<group>"; };
		18A3843518C2E69C000EA528 /* ContactsViewController.m */ = {isa = PBXFileReference; fileEncoding = 4; lastKnownFileType = sourcecode.c.objc; path = ContactsViewController.m; sourceTree = "<group>"; };
		18AFA9F3187B18A500036ED8 /* TimelyCommunication.app */ = {isa = PBXFileReference; explicitFileType = wrapper.application; includeInIndex = 0; path = TimelyCommunication.app; sourceTree = BUILT_PRODUCTS_DIR; };
		18AFA9F6187B18A500036ED8 /* Foundation.framework */ = {isa = PBXFileReference; lastKnownFileType = wrapper.framework; name = Foundation.framework; path = System/Library/Frameworks/Foundation.framework; sourceTree = SDKROOT; };
		18AFA9F8187B18A500036ED8 /* CoreGraphics.framework */ = {isa = PBXFileReference; lastKnownFileType = wrapper.framework; name = CoreGraphics.framework; path = System/Library/Frameworks/CoreGraphics.framework; sourceTree = SDKROOT; };
		18AFA9FA187B18A500036ED8 /* UIKit.framework */ = {isa = PBXFileReference; lastKnownFileType = wrapper.framework; name = UIKit.framework; path = System/Library/Frameworks/UIKit.framework; sourceTree = SDKROOT; };
		18AFA9FE187B18A500036ED8 /* TimelyCommunication-Info.plist */ = {isa = PBXFileReference; lastKnownFileType = text.plist.xml; path = "TimelyCommunication-Info.plist"; sourceTree = "<group>"; };
		18AFAA00187B18A500036ED8 /* en */ = {isa = PBXFileReference; lastKnownFileType = text.plist.strings; name = en; path = en.lproj/InfoPlist.strings; sourceTree = "<group>"; };
		18AFAA02187B18A500036ED8 /* main.m */ = {isa = PBXFileReference; lastKnownFileType = sourcecode.c.objc; path = main.m; sourceTree = "<group>"; };
		18AFAA04187B18A500036ED8 /* TimelyCommunication-Prefix.pch */ = {isa = PBXFileReference; lastKnownFileType = sourcecode.c.h; path = "TimelyCommunication-Prefix.pch"; sourceTree = "<group>"; };
		18AFAA09187B18A500036ED8 /* Base */ = {isa = PBXFileReference; lastKnownFileType = file.storyboard; name = Base; path = Base.lproj/Main_iPhone.storyboard; sourceTree = "<group>"; };
		18AFAA0C187B18A500036ED8 /* Base */ = {isa = PBXFileReference; lastKnownFileType = file.storyboard; name = Base; path = Base.lproj/Main_iPad.storyboard; sourceTree = "<group>"; };
		18AFAA11187B18A500036ED8 /* Images.xcassets */ = {isa = PBXFileReference; lastKnownFileType = folder.assetcatalog; path = Images.xcassets; sourceTree = "<group>"; };
		18AFAA17187B18A600036ED8 /* TimelyCommunicationTests.xctest */ = {isa = PBXFileReference; explicitFileType = wrapper.cfbundle; includeInIndex = 0; path = TimelyCommunicationTests.xctest; sourceTree = BUILT_PRODUCTS_DIR; };
		18AFAA18187B18A600036ED8 /* XCTest.framework */ = {isa = PBXFileReference; lastKnownFileType = wrapper.framework; name = XCTest.framework; path = Library/Frameworks/XCTest.framework; sourceTree = DEVELOPER_DIR; };
		18AFAA20187B18A600036ED8 /* TimelyCommunicationTests-Info.plist */ = {isa = PBXFileReference; lastKnownFileType = text.plist.xml; path = "TimelyCommunicationTests-Info.plist"; sourceTree = "<group>"; };
		18AFAA22187B18A600036ED8 /* en */ = {isa = PBXFileReference; lastKnownFileType = text.plist.strings; name = en; path = en.lproj/InfoPlist.strings; sourceTree = "<group>"; };
		18AFAA24187B18A600036ED8 /* TimelyCommunicationTests.m */ = {isa = PBXFileReference; lastKnownFileType = sourcecode.c.objc; path = TimelyCommunicationTests.m; sourceTree = "<group>"; };
		18B8F77518C4C23700718ADD /* RedBall.h */ = {isa = PBXFileReference; fileEncoding = 4; lastKnownFileType = sourcecode.c.h; path = RedBall.h; sourceTree = "<group>"; };
		18B8F77618C4C23700718ADD /* RedBall.m */ = {isa = PBXFileReference; fileEncoding = 4; lastKnownFileType = sourcecode.c.objc; path = RedBall.m; sourceTree = "<group>"; };
		18DF81EC187BBEF7000FDCFF /* Config.h */ = {isa = PBXFileReference; fileEncoding = 4; lastKnownFileType = sourcecode.c.h; path = Config.h; sourceTree = "<group>"; };
		18DF822C187BC025000FDCFF /* ChatViewController.h */ = {isa = PBXFileReference; fileEncoding = 4; lastKnownFileType = sourcecode.c.h; path = ChatViewController.h; sourceTree = "<group>"; };
		18DF822D187BC025000FDCFF /* ChatViewController.m */ = {isa = PBXFileReference; fileEncoding = 4; lastKnownFileType = sourcecode.c.objc; path = ChatViewController.m; sourceTree = "<group>"; };
		18DF822E187BC025000FDCFF /* ConversationListVC.h */ = {isa = PBXFileReference; fileEncoding = 4; lastKnownFileType = sourcecode.c.h; path = ConversationListVC.h; sourceTree = "<group>"; };
		18DF822F187BC025000FDCFF /* ConversationListVC.m */ = {isa = PBXFileReference; fileEncoding = 4; lastKnownFileType = sourcecode.c.objc; path = ConversationListVC.m; sourceTree = "<group>"; };
		18DF8232187BC025000FDCFF /* RootViewController.h */ = {isa = PBXFileReference; fileEncoding = 4; lastKnownFileType = sourcecode.c.h; path = RootViewController.h; sourceTree = "<group>"; };
		18DF8233187BC025000FDCFF /* RootViewController.m */ = {isa = PBXFileReference; fileEncoding = 4; lastKnownFileType = sourcecode.c.objc; path = RootViewController.m; sourceTree = "<group>"; };
		18DF8239187BC053000FDCFF /* BaseMesage.h */ = {isa = PBXFileReference; fileEncoding = 4; lastKnownFileType = sourcecode.c.h; path = BaseMesage.h; sourceTree = "<group>"; };
		18DF823A187BC053000FDCFF /* BaseMesage.m */ = {isa = PBXFileReference; fileEncoding = 4; lastKnownFileType = sourcecode.c.objc; path = BaseMesage.m; sourceTree = "<group>"; };
		18DF823B187BC053000FDCFF /* CommonData.h */ = {isa = PBXFileReference; fileEncoding = 4; lastKnownFileType = sourcecode.c.h; path = CommonData.h; sourceTree = "<group>"; };
		18DF823C187BC053000FDCFF /* CommonData.m */ = {isa = PBXFileReference; fileEncoding = 4; lastKnownFileType = sourcecode.c.objc; path = CommonData.m; sourceTree = "<group>"; };
		18DF823D187BC053000FDCFF /* Conversation.h */ = {isa = PBXFileReference; fileEncoding = 4; lastKnownFileType = sourcecode.c.h; path = Conversation.h; sourceTree = "<group>"; };
		18DF823E187BC053000FDCFF /* Conversation.m */ = {isa = PBXFileReference; fileEncoding = 4; lastKnownFileType = sourcecode.c.objc; path = Conversation.m; sourceTree = "<group>"; };
		18DF823F187BC053000FDCFF /* MsgSaveHelper.h */ = {isa = PBXFileReference; fileEncoding = 4; lastKnownFileType = sourcecode.c.h; path = MsgSaveHelper.h; sourceTree = "<group>"; };
		18DF8240187BC053000FDCFF /* MsgSaveHelper.m */ = {isa = PBXFileReference; fileEncoding = 4; lastKnownFileType = sourcecode.c.objc; path = MsgSaveHelper.m; sourceTree = "<group>"; };
		18DF8243187BC053000FDCFF /* TextMessage.h */ = {isa = PBXFileReference; fileEncoding = 4; lastKnownFileType = sourcecode.c.h; path = TextMessage.h; sourceTree = "<group>"; };
		18DF8244187BC053000FDCFF /* TextMessage.m */ = {isa = PBXFileReference; fileEncoding = 4; lastKnownFileType = sourcecode.c.objc; path = TextMessage.m; sourceTree = "<group>"; };
		18DF8251187BC074000FDCFF /* ChatViewCompent.h */ = {isa = PBXFileReference; fileEncoding = 4; lastKnownFileType = sourcecode.c.h; path = ChatViewCompent.h; sourceTree = "<group>"; };
		18DF8252187BC074000FDCFF /* ChatViewCompent.m */ = {isa = PBXFileReference; fileEncoding = 4; lastKnownFileType = sourcecode.c.objc; path = ChatViewCompent.m; sourceTree = "<group>"; };
		18DF8253187BC074000FDCFF /* InputCompent.h */ = {isa = PBXFileReference; fileEncoding = 4; lastKnownFileType = sourcecode.c.h; path = InputCompent.h; sourceTree = "<group>"; };
		18DF8254187BC074000FDCFF /* InputCompent.m */ = {isa = PBXFileReference; fileEncoding = 4; lastKnownFileType = sourcecode.c.objc; path = InputCompent.m; sourceTree = "<group>"; };
		18DF8257187BC074000FDCFF /* face.png */ = {isa = PBXFileReference; lastKnownFileType = image.png; path = face.png; sourceTree = "<group>"; };
		18DF8258187BC074000FDCFF /* more.png */ = {isa = PBXFileReference; lastKnownFileType = image.png; path = more.png; sourceTree = "<group>"; };
		18DF8259187BC074000FDCFF /* sound.png */ = {isa = PBXFileReference; lastKnownFileType = image.png; path = sound.png; sourceTree = "<group>"; };
		18DF825B187BC074000FDCFF /* chat.png */ = {isa = PBXFileReference; lastKnownFileType = image.png; path = chat.png; sourceTree = "<group>"; };
		18DF825C187BC074000FDCFF /* contact.png */ = {isa = PBXFileReference; lastKnownFileType = image.png; path = contact.png; sourceTree = "<group>"; };
		18DF825D187BC074000FDCFF /* me.png */ = {isa = PBXFileReference; lastKnownFileType = image.png; path = me.png; sourceTree = "<group>"; };
		18DF825E187BC074000FDCFF /* search.png */ = {isa = PBXFileReference; lastKnownFileType = image.png; path = search.png; sourceTree = "<group>"; };
		18DF8260187BC074000FDCFF /* MainPageCell.h */ = {isa = PBXFileReference; fileEncoding = 4; lastKnownFileType = sourcecode.c.h; path = MainPageCell.h; sourceTree = "<group>"; };
		18DF8261187BC074000FDCFF /* MainPageCell.m */ = {isa = PBXFileReference; fileEncoding = 4; lastKnownFileType = sourcecode.c.objc; path = MainPageCell.m; sourceTree = "<group>"; };
		18E7FB3E18BB621400148255 /* LoginView.h */ = {isa = PBXFileReference; fileEncoding = 4; lastKnownFileType = sourcecode.c.h; path = LoginView.h; sourceTree = "<group>"; };
		18E7FB3F18BB621400148255 /* LoginView.m */ = {isa = PBXFileReference; fileEncoding = 4; lastKnownFileType = sourcecode.c.objc; path = LoginView.m; sourceTree = "<group>"; };
		18E7FB4118BB63CE00148255 /* LoginViewController.h */ = {isa = PBXFileReference; fileEncoding = 4; lastKnownFileType = sourcecode.c.h; path = LoginViewController.h; sourceTree = "<group>"; };
		18E7FB4218BB63CE00148255 /* LoginViewController.m */ = {isa = PBXFileReference; fileEncoding = 4; lastKnownFileType = sourcecode.c.objc; path = LoginViewController.m; sourceTree = "<group>"; };
		18E7FB4418BB63E300148255 /* User.h */ = {isa = PBXFileReference; fileEncoding = 4; lastKnownFileType = sourcecode.c.h; path = User.h; sourceTree = "<group>"; };
		18E7FB4518BB63E300148255 /* User.m */ = {isa = PBXFileReference; fileEncoding = 4; lastKnownFileType = sourcecode.c.objc; path = User.m; sourceTree = "<group>"; };
		18E7FB4B18BB7C9C00148255 /* RegisterView.h */ = {isa = PBXFileReference; fileEncoding = 4; lastKnownFileType = sourcecode.c.h; path = RegisterView.h; sourceTree = "<group>"; };
		18E7FB4C18BB7C9C00148255 /* RegisterView.m */ = {isa = PBXFileReference; fileEncoding = 4; lastKnownFileType = sourcecode.c.objc; path = RegisterView.m; sourceTree = "<group>"; };
		18E7FB4E18BB7DAA00148255 /* RegisterViewController.h */ = {isa = PBXFileReference; fileEncoding = 4; lastKnownFileType = sourcecode.c.h; path = RegisterViewController.h; sourceTree = "<group>"; };
		18E7FB4F18BB7DAA00148255 /* RegisterViewController.m */ = {isa = PBXFileReference; fileEncoding = 4; lastKnownFileType = sourcecode.c.objc; path = RegisterViewController.m; sourceTree = "<group>"; };
		A4F55087C9D14FCA9019DEAC /* Pods.xcconfig */ = {isa = PBXFileReference; includeInIndex = 1; lastKnownFileType = text.xcconfig; name = Pods.xcconfig; path = Pods/Pods.xcconfig; sourceTree = "<group>"; };
		DDEF8EE90C2547EE8CD04AE7 /* libPods.a */ = {isa = PBXFileReference; explicitFileType = archive.ar; includeInIndex = 0; path = libPods.a; sourceTree = BUILT_PRODUCTS_DIR; };
/* End PBXFileReference section */

/* Begin PBXFrameworksBuildPhase section */
		18AFA9F0187B18A500036ED8 /* Frameworks */ = {
			isa = PBXFrameworksBuildPhase;
			buildActionMask = 2147483647;
			files = (
				18AFA9F9187B18A500036ED8 /* CoreGraphics.framework in Frameworks */,
				18AFA9FB187B18A500036ED8 /* UIKit.framework in Frameworks */,
				18AFA9F7187B18A500036ED8 /* Foundation.framework in Frameworks */,
				954B7E2178394CCAB0C27F22 /* libPods.a in Frameworks */,
			);
			runOnlyForDeploymentPostprocessing = 0;
		};
		18AFAA14187B18A600036ED8 /* Frameworks */ = {
			isa = PBXFrameworksBuildPhase;
			buildActionMask = 2147483647;
			files = (
				18AFAA19187B18A600036ED8 /* XCTest.framework in Frameworks */,
				18AFAA1B187B18A600036ED8 /* UIKit.framework in Frameworks */,
				18AFAA1A187B18A600036ED8 /* Foundation.framework in Frameworks */,
			);
			runOnlyForDeploymentPostprocessing = 0;
		};
/* End PBXFrameworksBuildPhase section */

/* Begin PBXGroup section */
		18296DB618C2F54A00A76D7B /* DataSource */ = {
			isa = PBXGroup;
			children = (
				18296DB718C2F56500A76D7B /* ContactsMgr.h */,
				18296DB818C2F56500A76D7B /* ContactsMgr.m */,
				18296DCA18C33C4A00A76D7B /* MessageFactory.h */,
				18296DCB18C33C4A00A76D7B /* MessageFactory.m */,
				18296DD018C3417C00A76D7B /* ConversationMgr.h */,
				18296DD118C3417C00A76D7B /* ConversationMgr.m */,
			);
			path = DataSource;
			sourceTree = "<group>";
		};
		18296DC018C3308100A76D7B /* Helper */ = {
			isa = PBXGroup;
			children = (
				18296DC118C3308100A76D7B /* NSString+md5 */,
			);
			path = Helper;
			sourceTree = "<group>";
		};
		18296DC118C3308100A76D7B /* NSString+md5 */ = {
			isa = PBXGroup;
			children = (
			);
			path = "NSString+md5";
			sourceTree = "<group>";
		};
		18A3842518C1CB83000EA528 /* button */ = {
			isa = PBXGroup;
			children = (
				18A3842818C1CE14000EA528 /* register.png */,
				18A3842618C1CB91000EA528 /* back.png */,
			);
			path = button;
			sourceTree = "<group>";
		};
		18AFA9EA187B18A500036ED8 = {
			isa = PBXGroup;
			children = (
				18AFA9FC187B18A500036ED8 /* TimelyCommunication */,
				18AFAA1E187B18A600036ED8 /* TimelyCommunicationTests */,
				18AFA9F5187B18A500036ED8 /* Frameworks */,
				18AFA9F4187B18A500036ED8 /* Products */,
				A4F55087C9D14FCA9019DEAC /* Pods.xcconfig */,
			);
			sourceTree = "<group>";
		};
		18AFA9F4187B18A500036ED8 /* Products */ = {
			isa = PBXGroup;
			children = (
				18AFA9F3187B18A500036ED8 /* TimelyCommunication.app */,
				18AFAA17187B18A600036ED8 /* TimelyCommunicationTests.xctest */,
			);
			name = Products;
			sourceTree = "<group>";
		};
		18AFA9F5187B18A500036ED8 /* Frameworks */ = {
			isa = PBXGroup;
			children = (
				18AFA9F6187B18A500036ED8 /* Foundation.framework */,
				18AFA9F8187B18A500036ED8 /* CoreGraphics.framework */,
				18AFA9FA187B18A500036ED8 /* UIKit.framework */,
				18AFAA18187B18A600036ED8 /* XCTest.framework */,
				DDEF8EE90C2547EE8CD04AE7 /* libPods.a */,
			);
			name = Frameworks;
			sourceTree = "<group>";
		};
		18AFA9FC187B18A500036ED8 /* TimelyCommunication */ = {
			isa = PBXGroup;
			children = (
				18296DC018C3308100A76D7B /* Helper */,
				18296DB618C2F54A00A76D7B /* DataSource */,
				18A3842A18C1F898000EA528 /* iPhoneXMPPAppDelegate.h */,
				18A3842B18C1F898000EA528 /* iPhoneXMPPAppDelegate.m */,
				18DF824E187BC074000FDCFF /* Compent */,
				18DF8255187BC074000FDCFF /* images */,
				18DF825F187BC074000FDCFF /* Views */,
				18DF8238187BC053000FDCFF /* Model */,
				18DF822B187BC025000FDCFF /* Controllers */,
				18AFAA08187B18A500036ED8 /* Main_iPhone.storyboard */,
				18AFAA0B187B18A500036ED8 /* Main_iPad.storyboard */,
				18AFAA11187B18A500036ED8 /* Images.xcassets */,
				18AFA9FD187B18A500036ED8 /* Supporting Files */,
			);
			path = TimelyCommunication;
			sourceTree = "<group>";
		};
		18AFA9FD187B18A500036ED8 /* Supporting Files */ = {
			isa = PBXGroup;
			children = (
				18296DC818C3389100A76D7B /* icpn.png */,
				18DF81EC187BBEF7000FDCFF /* Config.h */,
				18AFA9FE187B18A500036ED8 /* TimelyCommunication-Info.plist */,
				18AFA9FF187B18A500036ED8 /* InfoPlist.strings */,
				18AFAA02187B18A500036ED8 /* main.m */,
				18AFAA04187B18A500036ED8 /* TimelyCommunication-Prefix.pch */,
			);
			name = "Supporting Files";
			sourceTree = "<group>";
		};
		18AFAA1E187B18A600036ED8 /* TimelyCommunicationTests */ = {
			isa = PBXGroup;
			children = (
				18AFAA24187B18A600036ED8 /* TimelyCommunicationTests.m */,
				18AFAA1F187B18A600036ED8 /* Supporting Files */,
			);
			path = TimelyCommunicationTests;
			sourceTree = "<group>";
		};
		18AFAA1F187B18A600036ED8 /* Supporting Files */ = {
			isa = PBXGroup;
			children = (
				18AFAA20187B18A600036ED8 /* TimelyCommunicationTests-Info.plist */,
				18AFAA21187B18A600036ED8 /* InfoPlist.strings */,
			);
			name = "Supporting Files";
			sourceTree = "<group>";
		};
		18DF822B187BC025000FDCFF /* Controllers */ = {
			isa = PBXGroup;
			children = (
				18A169BB18C4D01500E6896E /* FKRDefaultSearchBarTableViewController.h */,
				18A169BC18C4D01500E6896E /* FKRDefaultSearchBarTableViewController.m */,
				18A169BD18C4D01500E6896E /* FKRSearchBarTableViewController.h */,
				18A169BE18C4D01500E6896E /* FKRSearchBarTableViewController.m */,
				18DF822C187BC025000FDCFF /* ChatViewController.h */,
				18DF822D187BC025000FDCFF /* ChatViewController.m */,
				18DF822E187BC025000FDCFF /* ConversationListVC.h */,
				18DF822F187BC025000FDCFF /* ConversationListVC.m */,
				18DF8232187BC025000FDCFF /* RootViewController.h */,
				18DF8233187BC025000FDCFF /* RootViewController.m */,
				18E7FB4118BB63CE00148255 /* LoginViewController.h */,
				18E7FB4218BB63CE00148255 /* LoginViewController.m */,
				18E7FB4E18BB7DAA00148255 /* RegisterViewController.h */,
				18E7FB4F18BB7DAA00148255 /* RegisterViewController.m */,
				18A3843418C2E69C000EA528 /* ContactsViewController.h */,
				18A3843518C2E69C000EA528 /* ContactsViewController.m */,
				18296DCD18C33FC600A76D7B /* MainPageUIViewController.h */,
				18296DCE18C33FC600A76D7B /* MainPageUIViewController.m */,
				18A169B818C4CE4700E6896E /* NewFriendViewController.h */,
				18A169B918C4CE4700E6896E /* NewFriendViewController.m */,
			);
			path = Controllers;
			sourceTree = "<group>";
		};
		18DF8238187BC053000FDCFF /* Model */ = {
			isa = PBXGroup;
			children = (
				18DF8239187BC053000FDCFF /* BaseMesage.h */,
				18DF823A187BC053000FDCFF /* BaseMesage.m */,
				18DF823B187BC053000FDCFF /* CommonData.h */,
				18DF823C187BC053000FDCFF /* CommonData.m */,
				18DF823D187BC053000FDCFF /* Conversation.h */,
				18DF823E187BC053000FDCFF /* Conversation.m */,
				18DF823F187BC053000FDCFF /* MsgSaveHelper.h */,
				18DF8240187BC053000FDCFF /* MsgSaveHelper.m */,
				18DF8243187BC053000FDCFF /* TextMessage.h */,
				18DF8244187BC053000FDCFF /* TextMessage.m */,
				18E7FB4418BB63E300148255 /* User.h */,
				18E7FB4518BB63E300148255 /* User.m */,
			);
			path = Model;
			sourceTree = "<group>";
		};
		18DF824E187BC074000FDCFF /* Compent */ = {
			isa = PBXGroup;
			children = (
				18B8F77518C4C23700718ADD /* RedBall.h */,
				18B8F77618C4C23700718ADD /* RedBall.m */,
				18DF8251187BC074000FDCFF /* ChatViewCompent.h */,
				18DF8252187BC074000FDCFF /* ChatViewCompent.m */,
				18DF8253187BC074000FDCFF /* InputCompent.h */,
				18DF8254187BC074000FDCFF /* InputCompent.m */,
			);
			path = Compent;
			sourceTree = "<group>";
		};
		18DF8255187BC074000FDCFF /* images */ = {
			isa = PBXGroup;
			children = (
				18A3842518C1CB83000EA528 /* button */,
				18DF8256187BC074000FDCFF /* Input */,
				18DF825A187BC074000FDCFF /* toolBar */,
			);
			path = images;
			sourceTree = "<group>";
		};
		18DF8256187BC074000FDCFF /* Input */ = {
			isa = PBXGroup;
			children = (
				18DF8257187BC074000FDCFF /* face.png */,
				18DF8258187BC074000FDCFF /* more.png */,
				18DF8259187BC074000FDCFF /* sound.png */,
			);
			path = Input;
			sourceTree = "<group>";
		};
		18DF825A187BC074000FDCFF /* toolBar */ = {
			isa = PBXGroup;
			children = (
				18DF825B187BC074000FDCFF /* chat.png */,
				18DF825C187BC074000FDCFF /* contact.png */,
				18DF825D187BC074000FDCFF /* me.png */,
				18DF825E187BC074000FDCFF /* search.png */,
			);
			path = toolBar;
			sourceTree = "<group>";
		};
		18DF825F187BC074000FDCFF /* Views */ = {
			isa = PBXGroup;
			children = (
				18DF8260187BC074000FDCFF /* MainPageCell.h */,
				18DF8261187BC074000FDCFF /* MainPageCell.m */,
				18E7FB3E18BB621400148255 /* LoginView.h */,
				18E7FB3F18BB621400148255 /* LoginView.m */,
				18E7FB4B18BB7C9C00148255 /* RegisterView.h */,
				18E7FB4C18BB7C9C00148255 /* RegisterView.m */,
				18296DBA18C2F8C500A76D7B /* ContactCell.h */,
				18296DBB18C2F8C500A76D7B /* ContactCell.m */,
			);
			path = Views;
			sourceTree = "<group>";
		};
/* End PBXGroup section */

/* Begin PBXNativeTarget section */
		18AFA9F2187B18A500036ED8 /* TimelyCommunication */ = {
			isa = PBXNativeTarget;
			buildConfigurationList = 18AFAA28187B18A600036ED8 /* Build configuration list for PBXNativeTarget "TimelyCommunication" */;
			buildPhases = (
				2462CF2749F540D69F74557E /* Check Pods Manifest.lock */,
				18AFA9EF187B18A500036ED8 /* Sources */,
				18AFA9F0187B18A500036ED8 /* Frameworks */,
				18AFA9F1187B18A500036ED8 /* Resources */,
				619377F278DE4073AE4A0F56 /* Copy Pods Resources */,
			);
			buildRules = (
			);
			dependencies = (
			);
			name = TimelyCommunication;
			productName = TimelyCommunication;
			productReference = 18AFA9F3187B18A500036ED8 /* TimelyCommunication.app */;
			productType = "com.apple.product-type.application";
		};
		18AFAA16187B18A600036ED8 /* TimelyCommunicationTests */ = {
			isa = PBXNativeTarget;
			buildConfigurationList = 18AFAA2B187B18A600036ED8 /* Build configuration list for PBXNativeTarget "TimelyCommunicationTests" */;
			buildPhases = (
				18AFAA13187B18A600036ED8 /* Sources */,
				18AFAA14187B18A600036ED8 /* Frameworks */,
				18AFAA15187B18A600036ED8 /* Resources */,
			);
			buildRules = (
			);
			dependencies = (
				18AFAA1D187B18A600036ED8 /* PBXTargetDependency */,
			);
			name = TimelyCommunicationTests;
			productName = TimelyCommunicationTests;
			productReference = 18AFAA17187B18A600036ED8 /* TimelyCommunicationTests.xctest */;
			productType = "com.apple.product-type.bundle.unit-test";
		};
/* End PBXNativeTarget section */

/* Begin PBXProject section */
		18AFA9EB187B18A500036ED8 /* Project object */ = {
			isa = PBXProject;
			attributes = {
				LastUpgradeCheck = 0500;
				ORGANIZATIONNAME = zhao;
				TargetAttributes = {
					18AFA9F2187B18A500036ED8 = {
						SystemCapabilities = {
							com.apple.BackgroundModes = {
								enabled = 1;
							};
						};
					};
					18AFAA16187B18A600036ED8 = {
						TestTargetID = 18AFA9F2187B18A500036ED8;
					};
				};
			};
			buildConfigurationList = 18AFA9EE187B18A500036ED8 /* Build configuration list for PBXProject "TimelyCommunication" */;
			compatibilityVersion = "Xcode 3.2";
			developmentRegion = English;
			hasScannedForEncodings = 0;
			knownRegions = (
				en,
				Base,
			);
			mainGroup = 18AFA9EA187B18A500036ED8;
			productRefGroup = 18AFA9F4187B18A500036ED8 /* Products */;
			projectDirPath = "";
			projectRoot = "";
			targets = (
				18AFA9F2187B18A500036ED8 /* TimelyCommunication */,
				18AFAA16187B18A600036ED8 /* TimelyCommunicationTests */,
			);
		};
/* End PBXProject section */

/* Begin PBXResourcesBuildPhase section */
		18AFA9F1187B18A500036ED8 /* Resources */ = {
			isa = PBXResourcesBuildPhase;
			buildActionMask = 2147483647;
			files = (
				18AFAA0D187B18A500036ED8 /* Main_iPad.storyboard in Resources */,
				18DF8265187BC074000FDCFF /* face.png in Resources */,
				18DF8266187BC074000FDCFF /* more.png in Resources */,
				18DF8268187BC074000FDCFF /* chat.png in Resources */,
				18AFAA12187B18A500036ED8 /* Images.xcassets in Resources */,
				18DF826A187BC074000FDCFF /* me.png in Resources */,
				18A3842918C1CE14000EA528 /* register.png in Resources */,
				18DF8267187BC074000FDCFF /* sound.png in Resources */,
				18DF826B187BC074000FDCFF /* search.png in Resources */,
				18A3842718C1CB91000EA528 /* back.png in Resources */,
				18DF8269187BC074000FDCFF /* contact.png in Resources */,
				18AFAA0A187B18A500036ED8 /* Main_iPhone.storyboard in Resources */,
				18AFAA01187B18A500036ED8 /* InfoPlist.strings in Resources */,
				18296DC918C3389100A76D7B /* icpn.png in Resources */,
			);
			runOnlyForDeploymentPostprocessing = 0;
		};
		18AFAA15187B18A600036ED8 /* Resources */ = {
			isa = PBXResourcesBuildPhase;
			buildActionMask = 2147483647;
			files = (
				18AFAA23187B18A600036ED8 /* InfoPlist.strings in Resources */,
			);
			runOnlyForDeploymentPostprocessing = 0;
		};
/* End PBXResourcesBuildPhase section */

/* Begin PBXShellScriptBuildPhase section */
		2462CF2749F540D69F74557E /* Check Pods Manifest.lock */ = {
			isa = PBXShellScriptBuildPhase;
			buildActionMask = 2147483647;
			files = (
			);
			inputPaths = (
			);
			name = "Check Pods Manifest.lock";
			outputPaths = (
			);
			runOnlyForDeploymentPostprocessing = 0;
			shellPath = /bin/sh;
			shellScript = "diff \"${PODS_ROOT}/../Podfile.lock\" \"${PODS_ROOT}/Manifest.lock\" > /dev/null\nif [[ $? != 0 ]] ; then\n    cat << EOM\nerror: The sandbox is not in sync with the Podfile.lock. Run 'pod install' or update your CocoaPods installation.\nEOM\n    exit 1\nfi\n";
			showEnvVarsInLog = 0;
		};
		619377F278DE4073AE4A0F56 /* Copy Pods Resources */ = {
			isa = PBXShellScriptBuildPhase;
			buildActionMask = 2147483647;
			files = (
			);
			inputPaths = (
			);
			name = "Copy Pods Resources";
			outputPaths = (
			);
			runOnlyForDeploymentPostprocessing = 0;
			shellPath = /bin/sh;
			shellScript = "\"${SRCROOT}/Pods/Pods-resources.sh\"\n";
			showEnvVarsInLog = 0;
		};
/* End PBXShellScriptBuildPhase section */

/* Begin PBXSourcesBuildPhase section */
		18AFA9EF187B18A500036ED8 /* Sources */ = {
			isa = PBXSourcesBuildPhase;
			buildActionMask = 2147483647;
			files = (
				18DF8248187BC053000FDCFF /* CommonData.m in Sources */,
				18DF8263187BC074000FDCFF /* ChatViewCompent.m in Sources */,
				18DF8247187BC053000FDCFF /* BaseMesage.m in Sources */,
				18E7FB4618BB63E300148255 /* User.m in Sources */,
				18E7FB5018BB7DAA00148255 /* RegisterViewController.m in Sources */,
				18DF8237187BC025000FDCFF /* RootViewController.m in Sources */,
				18296DB918C2F56500A76D7B /* ContactsMgr.m in Sources */,
				18DF8249187BC053000FDCFF /* Conversation.m in Sources */,
				18296DBC18C2F8C500A76D7B /* ContactCell.m in Sources */,
				18AFAA03187B18A500036ED8 /* main.m in Sources */,
				18E7FB4D18BB7C9C00148255 /* RegisterView.m in Sources */,
				18A3843618C2E69C000EA528 /* ContactsViewController.m in Sources */,
				18296DCF18C33FC600A76D7B /* MainPageUIViewController.m in Sources */,
				18E7FB4318BB63CE00148255 /* LoginViewController.m in Sources */,
				18A3842C18C1F898000EA528 /* iPhoneXMPPAppDelegate.m in Sources */,
				18A169BF18C4D01500E6896E /* FKRDefaultSearchBarTableViewController.m in Sources */,
				18B8F77718C4C23700718ADD /* RedBall.m in Sources */,
				18DF824A187BC053000FDCFF /* MsgSaveHelper.m in Sources */,
				18DF826C187BC074000FDCFF /* MainPageCell.m in Sources */,
				18E7FB4018BB621400148255 /* LoginView.m in Sources */,
				18296DCC18C33C4A00A76D7B /* MessageFactory.m in Sources */,
				18296DD218C3417C00A76D7B /* ConversationMgr.m in Sources */,
				18DF8234187BC025000FDCFF /* ChatViewController.m in Sources */,
				18A169C018C4D01500E6896E /* FKRSearchBarTableViewController.m in Sources */,
				18DF8235187BC025000FDCFF /* ConversationListVC.m in Sources */,
				18DF8264187BC074000FDCFF /* InputCompent.m in Sources */,
				18DF824C187BC053000FDCFF /* TextMessage.m in Sources */,
				18A169BA18C4CE4700E6896E /* NewFriendViewController.m in Sources */,
			);
			runOnlyForDeploymentPostprocessing = 0;
		};
		18AFAA13187B18A600036ED8 /* Sources */ = {
			isa = PBXSourcesBuildPhase;
			buildActionMask = 2147483647;
			files = (
				18AFAA25187B18A600036ED8 /* TimelyCommunicationTests.m in Sources */,
			);
			runOnlyForDeploymentPostprocessing = 0;
		};
/* End PBXSourcesBuildPhase section */

/* Begin PBXTargetDependency section */
		18AFAA1D187B18A600036ED8 /* PBXTargetDependency */ = {
			isa = PBXTargetDependency;
			target = 18AFA9F2187B18A500036ED8 /* TimelyCommunication */;
			targetProxy = 18AFAA1C187B18A600036ED8 /* PBXContainerItemProxy */;
		};
/* End PBXTargetDependency section */

/* Begin PBXVariantGroup section */
		18AFA9FF187B18A500036ED8 /* InfoPlist.strings */ = {
			isa = PBXVariantGroup;
			children = (
				18AFAA00187B18A500036ED8 /* en */,
			);
			name = InfoPlist.strings;
			sourceTree = "<group>";
		};
		18AFAA08187B18A500036ED8 /* Main_iPhone.storyboard */ = {
			isa = PBXVariantGroup;
			children = (
				18AFAA09187B18A500036ED8 /* Base */,
			);
			name = Main_iPhone.storyboard;
			sourceTree = "<group>";
		};
		18AFAA0B187B18A500036ED8 /* Main_iPad.storyboard */ = {
			isa = PBXVariantGroup;
			children = (
				18AFAA0C187B18A500036ED8 /* Base */,
			);
			name = Main_iPad.storyboard;
			sourceTree = "<group>";
		};
		18AFAA21187B18A600036ED8 /* InfoPlist.strings */ = {
			isa = PBXVariantGroup;
			children = (
				18AFAA22187B18A600036ED8 /* en */,
			);
			name = InfoPlist.strings;
			sourceTree = "<group>";
		};
/* End PBXVariantGroup section */

/* Begin XCBuildConfiguration section */
		18AFAA26187B18A600036ED8 /* Debug */ = {
			isa = XCBuildConfiguration;
			buildSettings = {
				ALWAYS_SEARCH_USER_PATHS = NO;
				ARCHS = "$(ARCHS_STANDARD_INCLUDING_64_BIT)";
				CLANG_CXX_LANGUAGE_STANDARD = "gnu++0x";
				CLANG_CXX_LIBRARY = "libc++";
				CLANG_ENABLE_MODULES = YES;
				CLANG_ENABLE_OBJC_ARC = YES;
				CLANG_WARN_BOOL_CONVERSION = YES;
				CLANG_WARN_CONSTANT_CONVERSION = YES;
				CLANG_WARN_DIRECT_OBJC_ISA_USAGE = YES_ERROR;
				CLANG_WARN_EMPTY_BODY = YES;
				CLANG_WARN_ENUM_CONVERSION = YES;
				CLANG_WARN_INT_CONVERSION = YES;
				CLANG_WARN_OBJC_ROOT_CLASS = YES_ERROR;
				CLANG_WARN__DUPLICATE_METHOD_MATCH = YES;
				"CODE_SIGN_IDENTITY[sdk=iphoneos*]" = "iPhone Developer";
				COPY_PHASE_STRIP = NO;
				GCC_C_LANGUAGE_STANDARD = gnu99;
				GCC_DYNAMIC_NO_PIC = NO;
				GCC_OPTIMIZATION_LEVEL = 0;
				GCC_PREPROCESSOR_DEFINITIONS = (
					"DEBUG=1",
					"$(inherited)",
				);
				GCC_SYMBOLS_PRIVATE_EXTERN = NO;
				GCC_WARN_64_TO_32_BIT_CONVERSION = YES;
				GCC_WARN_ABOUT_RETURN_TYPE = YES_ERROR;
				GCC_WARN_UNDECLARED_SELECTOR = YES;
				GCC_WARN_UNINITIALIZED_AUTOS = YES;
				GCC_WARN_UNUSED_FUNCTION = YES;
				GCC_WARN_UNUSED_VARIABLE = YES;
				IPHONEOS_DEPLOYMENT_TARGET = 7.0;
				ONLY_ACTIVE_ARCH = YES;
				SDKROOT = iphoneos;
				TARGETED_DEVICE_FAMILY = "1,2";
			};
			name = Debug;
		};
		18AFAA27187B18A600036ED8 /* Release */ = {
			isa = XCBuildConfiguration;
			buildSettings = {
				ALWAYS_SEARCH_USER_PATHS = NO;
				ARCHS = "$(ARCHS_STANDARD_INCLUDING_64_BIT)";
				CLANG_CXX_LANGUAGE_STANDARD = "gnu++0x";
				CLANG_CXX_LIBRARY = "libc++";
				CLANG_ENABLE_MODULES = YES;
				CLANG_ENABLE_OBJC_ARC = YES;
				CLANG_WARN_BOOL_CONVERSION = YES;
				CLANG_WARN_CONSTANT_CONVERSION = YES;
				CLANG_WARN_DIRECT_OBJC_ISA_USAGE = YES_ERROR;
				CLANG_WARN_EMPTY_BODY = YES;
				CLANG_WARN_ENUM_CONVERSION = YES;
				CLANG_WARN_INT_CONVERSION = YES;
				CLANG_WARN_OBJC_ROOT_CLASS = YES_ERROR;
				CLANG_WARN__DUPLICATE_METHOD_MATCH = YES;
				"CODE_SIGN_IDENTITY[sdk=iphoneos*]" = "iPhone Developer";
				COPY_PHASE_STRIP = YES;
				ENABLE_NS_ASSERTIONS = NO;
				GCC_C_LANGUAGE_STANDARD = gnu99;
				GCC_WARN_64_TO_32_BIT_CONVERSION = YES;
				GCC_WARN_ABOUT_RETURN_TYPE = YES_ERROR;
				GCC_WARN_UNDECLARED_SELECTOR = YES;
				GCC_WARN_UNINITIALIZED_AUTOS = YES;
				GCC_WARN_UNUSED_FUNCTION = YES;
				GCC_WARN_UNUSED_VARIABLE = YES;
				IPHONEOS_DEPLOYMENT_TARGET = 7.0;
				SDKROOT = iphoneos;
				TARGETED_DEVICE_FAMILY = "1,2";
				VALIDATE_PRODUCT = YES;
			};
			name = Release;
		};
		18AFAA29187B18A600036ED8 /* Debug */ = {
			isa = XCBuildConfiguration;
			baseConfigurationReference = A4F55087C9D14FCA9019DEAC /* Pods.xcconfig */;
			buildSettings = {
				ASSETCATALOG_COMPILER_APPICON_NAME = AppIcon;
				ASSETCATALOG_COMPILER_LAUNCHIMAGE_NAME = LaunchImage;
				GCC_PRECOMPILE_PREFIX_HEADER = YES;
				GCC_PREFIX_HEADER = "TimelyCommunication/TimelyCommunication-Prefix.pch";
				INFOPLIST_FILE = "TimelyCommunication/TimelyCommunication-Info.plist";
				PRODUCT_NAME = "$(TARGET_NAME)";
				WRAPPER_EXTENSION = app;
			};
			name = Debug;
		};
		18AFAA2A187B18A600036ED8 /* Release */ = {
			isa = XCBuildConfiguration;
			baseConfigurationReference = A4F55087C9D14FCA9019DEAC /* Pods.xcconfig */;
			buildSettings = {
				ASSETCATALOG_COMPILER_APPICON_NAME = AppIcon;
				ASSETCATALOG_COMPILER_LAUNCHIMAGE_NAME = LaunchImage;
				GCC_PRECOMPILE_PREFIX_HEADER = YES;
				GCC_PREFIX_HEADER = "TimelyCommunication/TimelyCommunication-Prefix.pch";
				INFOPLIST_FILE = "TimelyCommunication/TimelyCommunication-Info.plist";
				PRODUCT_NAME = "$(TARGET_NAME)";
				WRAPPER_EXTENSION = app;
			};
			name = Release;
		};
		18AFAA2C187B18A600036ED8 /* Debug */ = {
			isa = XCBuildConfiguration;
			buildSettings = {
				ARCHS = "$(ARCHS_STANDARD_INCLUDING_64_BIT)";
				BUNDLE_LOADER = "$(BUILT_PRODUCTS_DIR)/TimelyCommunication.app/TimelyCommunication";
				FRAMEWORK_SEARCH_PATHS = (
					"$(SDKROOT)/Developer/Library/Frameworks",
					"$(inherited)",
					"$(DEVELOPER_FRAMEWORKS_DIR)",
				);
				GCC_PRECOMPILE_PREFIX_HEADER = YES;
				GCC_PREFIX_HEADER = "TimelyCommunication/TimelyCommunication-Prefix.pch";
				GCC_PREPROCESSOR_DEFINITIONS = (
					"DEBUG=1",
					"$(inherited)",
				);
				INFOPLIST_FILE = "TimelyCommunicationTests/TimelyCommunicationTests-Info.plist";
				PRODUCT_NAME = "$(TARGET_NAME)";
				TEST_HOST = "$(BUNDLE_LOADER)";
				WRAPPER_EXTENSION = xctest;
			};
			name = Debug;
		};
		18AFAA2D187B18A600036ED8 /* Release */ = {
			isa = XCBuildConfiguration;
			buildSettings = {
				ARCHS = "$(ARCHS_STANDARD_INCLUDING_64_BIT)";
				BUNDLE_LOADER = "$(BUILT_PRODUCTS_DIR)/TimelyCommunication.app/TimelyCommunication";
				FRAMEWORK_SEARCH_PATHS = (
					"$(SDKROOT)/Developer/Library/Frameworks",
					"$(inherited)",
					"$(DEVELOPER_FRAMEWORKS_DIR)",
				);
				GCC_PRECOMPILE_PREFIX_HEADER = YES;
				GCC_PREFIX_HEADER = "TimelyCommunication/TimelyCommunication-Prefix.pch";
				INFOPLIST_FILE = "TimelyCommunicationTests/TimelyCommunicationTests-Info.plist";
				PRODUCT_NAME = "$(TARGET_NAME)";
				TEST_HOST = "$(BUNDLE_LOADER)";
				WRAPPER_EXTENSION = xctest;
			};
			name = Release;
		};
/* End XCBuildConfiguration section */

/* Begin XCConfigurationList section */
		18AFA9EE187B18A500036ED8 /* Build configuration list for PBXProject "TimelyCommunication" */ = {
			isa = XCConfigurationList;
			buildConfigurations = (
				18AFAA26187B18A600036ED8 /* Debug */,
				18AFAA27187B18A600036ED8 /* Release */,
			);
			defaultConfigurationIsVisible = 0;
			defaultConfigurationName = Release;
		};
		18AFAA28187B18A600036ED8 /* Build configuration list for PBXNativeTarget "TimelyCommunication" */ = {
			isa = XCConfigurationList;
			buildConfigurations = (
				18AFAA29187B18A600036ED8 /* Debug */,
				18AFAA2A187B18A600036ED8 /* Release */,
			);
			defaultConfigurationIsVisible = 0;
			defaultConfigurationName = Release;
		};
		18AFAA2B187B18A600036ED8 /* Build configuration list for PBXNativeTarget "TimelyCommunicationTests" */ = {
			isa = XCConfigurationList;
			buildConfigurations = (
				18AFAA2C187B18A600036ED8 /* Debug */,
				18AFAA2D187B18A600036ED8 /* Release */,
			);
			defaultConfigurationIsVisible = 0;
			defaultConfigurationName = Release;
		};
/* End XCConfigurationList section */
	};
	rootObject = 18AFA9EB187B18A500036ED8 /* Project object */;
}
